// !$*UTF8*$!
{
	archiveVersion = 1;
	classes = {
	};
	objectVersion = 56;
	objects = {

/* Begin PBXBuildFile section */
		13237AAB2962E23800279877 /* LoginTestApp.swift in Sources */ = {isa = PBXBuildFile; fileRef = 13237AAA2962E23800279877 /* LoginTestApp.swift */; };
		13237AAD2962E23800279877 /* ContentView.swift in Sources */ = {isa = PBXBuildFile; fileRef = 13237AAC2962E23800279877 /* ContentView.swift */; };
		13237AAF2962E23900279877 /* Assets.xcassets in Resources */ = {isa = PBXBuildFile; fileRef = 13237AAE2962E23900279877 /* Assets.xcassets */; };
		13237AB22962E23900279877 /* Preview Assets.xcassets in Resources */ = {isa = PBXBuildFile; fileRef = 13237AB12962E23900279877 /* Preview Assets.xcassets */; };
		13237ABA2962E2AF00279877 /* SQLite in Frameworks */ = {isa = PBXBuildFile; productRef = 13237AB92962E2AF00279877 /* SQLite */; };
		13237ABF2962E63100279877 /* DataStore.swift in Sources */ = {isa = PBXBuildFile; fileRef = 13237ABE2962E63100279877 /* DataStore.swift */; };
		13237AC12962E69A00279877 /* Login.swift in Sources */ = {isa = PBXBuildFile; fileRef = 13237AC02962E69A00279877 /* Login.swift */; };
		1394468F298A40F70085FF36 /* AddHabitClass.swift in Sources */ = {isa = PBXBuildFile; fileRef = 1394468E298A40F70085FF36 /* AddHabitClass.swift */; };
		13944693298A42D70085FF36 /* AddStudyGeneral.swift in Sources */ = {isa = PBXBuildFile; fileRef = 13944692298A42D70085FF36 /* AddStudyGeneral.swift */; };
		13944695298A43440085FF36 /* AddSportWalk.swift in Sources */ = {isa = PBXBuildFile; fileRef = 13944694298A43440085FF36 /* AddSportWalk.swift */; };
		13952504299A1632005223B3 /* LivesDataStore.swift in Sources */ = {isa = PBXBuildFile; fileRef = 13952503299A1632005223B3 /* LivesDataStore.swift */; };
		13952506299A1656005223B3 /* TagDataStore.swift in Sources */ = {isa = PBXBuildFile; fileRef = 13952505299A1656005223B3 /* TagDataStore.swift */; };
		13952508299A1F0A005223B3 /* SportWalkInertViewModel.swift in Sources */ = {isa = PBXBuildFile; fileRef = 13952507299A1F0A005223B3 /* SportWalkInertViewModel.swift */; };
		13B341252986CD3F00D720A1 /* LoginInsertViewModel.swift in Sources */ = {isa = PBXBuildFile; fileRef = 13B341242986CD3F00D720A1 /* LoginInsertViewModel.swift */; };
/* End PBXBuildFile section */

/* Begin PBXFileReference section */
		13237AA72962E23800279877 /* LoginTest.app */ = {isa = PBXFileReference; explicitFileType = wrapper.application; includeInIndex = 0; path = LoginTest.app; sourceTree = BUILT_PRODUCTS_DIR; };
		13237AAA2962E23800279877 /* LoginTestApp.swift */ = {isa = PBXFileReference; lastKnownFileType = sourcecode.swift; path = LoginTestApp.swift; sourceTree = "<group>"; };
		13237AAC2962E23800279877 /* ContentView.swift */ = {isa = PBXFileReference; lastKnownFileType = sourcecode.swift; path = ContentView.swift; sourceTree = "<group>"; };
		13237AAE2962E23900279877 /* Assets.xcassets */ = {isa = PBXFileReference; lastKnownFileType = folder.assetcatalog; path = Assets.xcassets; sourceTree = "<group>"; };
		13237AB12962E23900279877 /* Preview Assets.xcassets */ = {isa = PBXFileReference; lastKnownFileType = folder.assetcatalog; path = "Preview Assets.xcassets"; sourceTree = "<group>"; };
		13237ABE2962E63100279877 /* DataStore.swift */ = {isa = PBXFileReference; lastKnownFileType = sourcecode.swift; path = DataStore.swift; sourceTree = "<group>"; };
		13237AC02962E69A00279877 /* Login.swift */ = {isa = PBXFileReference; lastKnownFileType = sourcecode.swift; path = Login.swift; sourceTree = "<group>"; };
		1394468E298A40F70085FF36 /* AddHabitClass.swift */ = {isa = PBXFileReference; lastKnownFileType = sourcecode.swift; path = AddHabitClass.swift; sourceTree = "<group>"; };
		13944692298A42D70085FF36 /* AddStudyGeneral.swift */ = {isa = PBXFileReference; lastKnownFileType = sourcecode.swift; path = AddStudyGeneral.swift; sourceTree = "<group>"; };
		13944694298A43440085FF36 /* AddSportWalk.swift */ = {isa = PBXFileReference; lastKnownFileType = sourcecode.swift; path = AddSportWalk.swift; sourceTree = "<group>"; };
		13952503299A1632005223B3 /* LivesDataStore.swift */ = {isa = PBXFileReference; lastKnownFileType = sourcecode.swift; path = LivesDataStore.swift; sourceTree = "<group>"; };
		13952505299A1656005223B3 /* TagDataStore.swift */ = {isa = PBXFileReference; lastKnownFileType = sourcecode.swift; path = TagDataStore.swift; sourceTree = "<group>"; };
		13952507299A1F0A005223B3 /* SportWalkInertViewModel.swift */ = {isa = PBXFileReference; lastKnownFileType = sourcecode.swift; path = SportWalkInertViewModel.swift; sourceTree = "<group>"; };
		13B340FA29850D6100D720A1 /* Info.plist */ = {isa = PBXFileReference; lastKnownFileType = text.plist; path = Info.plist; sourceTree = "<group>"; };
		13B341242986CD3F00D720A1 /* LoginInsertViewModel.swift */ = {isa = PBXFileReference; lastKnownFileType = sourcecode.swift; path = LoginInsertViewModel.swift; sourceTree = "<group>"; };
/* End PBXFileReference section */

/* Begin PBXFrameworksBuildPhase section */
		13237AA42962E23800279877 /* Frameworks */ = {
			isa = PBXFrameworksBuildPhase;
			buildActionMask = 2147483647;
			files = (
				13237ABA2962E2AF00279877 /* SQLite in Frameworks */,
			);
			runOnlyForDeploymentPostprocessing = 0;
		};
/* End PBXFrameworksBuildPhase section */

/* Begin PBXGroup section */
		13237A9E2962E23800279877 = {
			isa = PBXGroup;
			children = (
				13237AA92962E23800279877 /* LoginTest */,
				13237AA82962E23800279877 /* Products */,
			);
			sourceTree = "<group>";
		};
		13237AA82962E23800279877 /* Products */ = {
			isa = PBXGroup;
			children = (
				13237AA72962E23800279877 /* LoginTest.app */,
			);
			name = Products;
			sourceTree = "<group>";
		};
		13237AA92962E23800279877 /* LoginTest */ = {
			isa = PBXGroup;
			children = (
				13B340FA29850D6100D720A1 /* Info.plist */,
				13237AC02962E69A00279877 /* Login.swift */,
				13237AAA2962E23800279877 /* LoginTestApp.swift */,
				13237AAC2962E23800279877 /* ContentView.swift */,
				13B341242986CD3F00D720A1 /* LoginInsertViewModel.swift */,
				13237ABE2962E63100279877 /* DataStore.swift */,
				13952502299A15F7005223B3 /* Data */,
				1394468D298A1AA50085FF36 /* AddClass */,
				13237AAE2962E23900279877 /* Assets.xcassets */,
				13237AB02962E23900279877 /* Preview Content */,
			);
			path = LoginTest;
			sourceTree = "<group>";
		};
		13237AB02962E23900279877 /* Preview Content */ = {
			isa = PBXGroup;
			children = (
				13237AB12962E23900279877 /* Preview Assets.xcassets */,
			);
			path = "Preview Content";
			sourceTree = "<group>";
		};
		1394468D298A1AA50085FF36 /* AddClass */ = {
			isa = PBXGroup;
			children = (
				1394468E298A40F70085FF36 /* AddHabitClass.swift */,
				13944690298A41490085FF36 /* Study */,
				13944691298A416F0085FF36 /* Sport */,
			);
			path = AddClass;
			sourceTree = "<group>";
		};
		13944690298A41490085FF36 /* Study */ = {
			isa = PBXGroup;
			children = (
				13944692298A42D70085FF36 /* AddStudyGeneral.swift */,
			);
			path = Study;
			sourceTree = "<group>";
		};
		13944691298A416F0085FF36 /* Sport */ = {
			isa = PBXGroup;
			children = (
				13944694298A43440085FF36 /* AddSportWalk.swift */,
				13952507299A1F0A005223B3 /* SportWalkInertViewModel.swift */,
			);
			path = Sport;
			sourceTree = "<group>";
		};
		13952502299A15F7005223B3 /* Data */ = {
			isa = PBXGroup;
			children = (
				13952503299A1632005223B3 /* LivesDataStore.swift */,
				13952505299A1656005223B3 /* TagDataStore.swift */,
			);
			path = Data;
			sourceTree = "<group>";
		};
/* End PBXGroup section */

/* Begin PBXNativeTarget section */
		13237AA62962E23800279877 /* LoginTest */ = {
			isa = PBXNativeTarget;
			buildConfigurationList = 13237AB52962E23900279877 /* Build configuration list for PBXNativeTarget "LoginTest" */;
			buildPhases = (
				13237AA32962E23800279877 /* Sources */,
				13237AA42962E23800279877 /* Frameworks */,
				13237AA52962E23800279877 /* Resources */,
			);
			buildRules = (
			);
			dependencies = (
			);
			name = LoginTest;
			packageProductDependencies = (
				13237AB92962E2AF00279877 /* SQLite */,
			);
			productName = LoginTest;
			productReference = 13237AA72962E23800279877 /* LoginTest.app */;
			productType = "com.apple.product-type.application";
		};
/* End PBXNativeTarget section */

/* Begin PBXProject section */
		13237A9F2962E23800279877 /* Project object */ = {
			isa = PBXProject;
			attributes = {
				BuildIndependentTargetsInParallel = 1;
				LastSwiftUpdateCheck = 1420;
				LastUpgradeCheck = 1420;
				TargetAttributes = {
					13237AA62962E23800279877 = {
						CreatedOnToolsVersion = 14.2;
					};
				};
			};
			buildConfigurationList = 13237AA22962E23800279877 /* Build configuration list for PBXProject "LoginTest" */;
			compatibilityVersion = "Xcode 14.0";
			developmentRegion = en;
			hasScannedForEncodings = 0;
			knownRegions = (
				en,
				Base,
				"zh-TW",
			);
			mainGroup = 13237A9E2962E23800279877;
			packageReferences = (
				13237AB82962E2AF00279877 /* XCRemoteSwiftPackageReference "SQLite" */,
			);
			productRefGroup = 13237AA82962E23800279877 /* Products */;
			projectDirPath = "";
			projectRoot = "";
			targets = (
				13237AA62962E23800279877 /* LoginTest */,
			);
		};
/* End PBXProject section */

/* Begin PBXResourcesBuildPhase section */
		13237AA52962E23800279877 /* Resources */ = {
			isa = PBXResourcesBuildPhase;
			buildActionMask = 2147483647;
			files = (
				13237AB22962E23900279877 /* Preview Assets.xcassets in Resources */,
				13237AAF2962E23900279877 /* Assets.xcassets in Resources */,
			);
			runOnlyForDeploymentPostprocessing = 0;
		};
/* End PBXResourcesBuildPhase section */

/* Begin PBXSourcesBuildPhase section */
		13237AA32962E23800279877 /* Sources */ = {
			isa = PBXSourcesBuildPhase;
			buildActionMask = 2147483647;
			files = (
				13952506299A1656005223B3 /* TagDataStore.swift in Sources */,
				13952508299A1F0A005223B3 /* SportWalkInertViewModel.swift in Sources */,
				13952504299A1632005223B3 /* LivesDataStore.swift in Sources */,
				13944693298A42D70085FF36 /* AddStudyGeneral.swift in Sources */,
				1394468F298A40F70085FF36 /* AddHabitClass.swift in Sources */,
				13B341252986CD3F00D720A1 /* LoginInsertViewModel.swift in Sources */,
				13237AAD2962E23800279877 /* ContentView.swift in Sources */,
				13944695298A43440085FF36 /* AddSportWalk.swift in Sources */,
				13237ABF2962E63100279877 /* DataStore.swift in Sources */,
				13237AAB2962E23800279877 /* LoginTestApp.swift in Sources */,
				13237AC12962E69A00279877 /* Login.swift in Sources */,
			);
			runOnlyForDeploymentPostprocessing = 0;
		};
/* End PBXSourcesBuildPhase section */

/* Begin XCBuildConfiguration section */
		13237AB32962E23900279877 /* Debug */ = {
			isa = XCBuildConfiguration;
			buildSettings = {
				ALWAYS_SEARCH_USER_PATHS = NO;
				CLANG_ANALYZER_NONNULL = YES;
				CLANG_ANALYZER_NUMBER_OBJECT_CONVERSION = YES_AGGRESSIVE;
				CLANG_CXX_LANGUAGE_STANDARD = "gnu++20";
				CLANG_ENABLE_MODULES = YES;
				CLANG_ENABLE_OBJC_ARC = YES;
				CLANG_ENABLE_OBJC_WEAK = YES;
				CLANG_WARN_BLOCK_CAPTURE_AUTORELEASING = YES;
				CLANG_WARN_BOOL_CONVERSION = YES;
				CLANG_WARN_COMMA = YES;
				CLANG_WARN_CONSTANT_CONVERSION = YES;
				CLANG_WARN_DEPRECATED_OBJC_IMPLEMENTATIONS = YES;
				CLANG_WARN_DIRECT_OBJC_ISA_USAGE = YES_ERROR;
				CLANG_WARN_DOCUMENTATION_COMMENTS = YES;
				CLANG_WARN_EMPTY_BODY = YES;
				CLANG_WARN_ENUM_CONVERSION = YES;
				CLANG_WARN_INFINITE_RECURSION = YES;
				CLANG_WARN_INT_CONVERSION = YES;
				CLANG_WARN_NON_LITERAL_NULL_CONVERSION = YES;
				CLANG_WARN_OBJC_IMPLICIT_RETAIN_SELF = YES;
				CLANG_WARN_OBJC_LITERAL_CONVERSION = YES;
				CLANG_WARN_OBJC_ROOT_CLASS = YES_ERROR;
				CLANG_WARN_QUOTED_INCLUDE_IN_FRAMEWORK_HEADER = YES;
				CLANG_WARN_RANGE_LOOP_ANALYSIS = YES;
				CLANG_WARN_STRICT_PROTOTYPES = YES;
				CLANG_WARN_SUSPICIOUS_MOVE = YES;
				CLANG_WARN_UNGUARDED_AVAILABILITY = YES_AGGRESSIVE;
				CLANG_WARN_UNREACHABLE_CODE = YES;
				CLANG_WARN__DUPLICATE_METHOD_MATCH = YES;
				COPY_PHASE_STRIP = NO;
				DEBUG_INFORMATION_FORMAT = dwarf;
				ENABLE_STRICT_OBJC_MSGSEND = YES;
				ENABLE_TESTABILITY = YES;
				GCC_C_LANGUAGE_STANDARD = gnu11;
				GCC_DYNAMIC_NO_PIC = NO;
				GCC_NO_COMMON_BLOCKS = YES;
				GCC_OPTIMIZATION_LEVEL = 0;
				GCC_PREPROCESSOR_DEFINITIONS = (
					"DEBUG=1",
					"$(inherited)",
				);
				GCC_WARN_64_TO_32_BIT_CONVERSION = YES;
				GCC_WARN_ABOUT_RETURN_TYPE = YES_ERROR;
				GCC_WARN_UNDECLARED_SELECTOR = YES;
				GCC_WARN_UNINITIALIZED_AUTOS = YES_AGGRESSIVE;
				GCC_WARN_UNUSED_FUNCTION = YES;
				GCC_WARN_UNUSED_VARIABLE = YES;
				IPHONEOS_DEPLOYMENT_TARGET = 16.2;
				MTL_ENABLE_DEBUG_INFO = INCLUDE_SOURCE;
				MTL_FAST_MATH = YES;
				ONLY_ACTIVE_ARCH = YES;
				SDKROOT = iphoneos;
				SWIFT_ACTIVE_COMPILATION_CONDITIONS = DEBUG;
				SWIFT_OPTIMIZATION_LEVEL = "-Onone";
			};
			name = Debug;
		};
		13237AB42962E23900279877 /* Release */ = {
			isa = XCBuildConfiguration;
			buildSettings = {
				ALWAYS_SEARCH_USER_PATHS = NO;
				CLANG_ANALYZER_NONNULL = YES;
				CLANG_ANALYZER_NUMBER_OBJECT_CONVERSION = YES_AGGRESSIVE;
				CLANG_CXX_LANGUAGE_STANDARD = "gnu++20";
				CLANG_ENABLE_MODULES = YES;
				CLANG_ENABLE_OBJC_ARC = YES;
				CLANG_ENABLE_OBJC_WEAK = YES;
				CLANG_WARN_BLOCK_CAPTURE_AUTORELEASING = YES;
				CLANG_WARN_BOOL_CONVERSION = YES;
				CLANG_WARN_COMMA = YES;
				CLANG_WARN_CONSTANT_CONVERSION = YES;
				CLANG_WARN_DEPRECATED_OBJC_IMPLEMENTATIONS = YES;
				CLANG_WARN_DIRECT_OBJC_ISA_USAGE = YES_ERROR;
				CLANG_WARN_DOCUMENTATION_COMMENTS = YES;
				CLANG_WARN_EMPTY_BODY = YES;
				CLANG_WARN_ENUM_CONVERSION = YES;
				CLANG_WARN_INFINITE_RECURSION = YES;
				CLANG_WARN_INT_CONVERSION = YES;
				CLANG_WARN_NON_LITERAL_NULL_CONVERSION = YES;
				CLANG_WARN_OBJC_IMPLICIT_RETAIN_SELF = YES;
				CLANG_WARN_OBJC_LITERAL_CONVERSION = YES;
				CLANG_WARN_OBJC_ROOT_CLASS = YES_ERROR;
				CLANG_WARN_QUOTED_INCLUDE_IN_FRAMEWORK_HEADER = YES;
				CLANG_WARN_RANGE_LOOP_ANALYSIS = YES;
				CLANG_WARN_STRICT_PROTOTYPES = YES;
				CLANG_WARN_SUSPICIOUS_MOVE = YES;
				CLANG_WARN_UNGUARDED_AVAILABILITY = YES_AGGRESSIVE;
				CLANG_WARN_UNREACHABLE_CODE = YES;
				CLANG_WARN__DUPLICATE_METHOD_MATCH = YES;
				COPY_PHASE_STRIP = NO;
				DEBUG_INFORMATION_FORMAT = "dwarf-with-dsym";
				ENABLE_NS_ASSERTIONS = NO;
				ENABLE_STRICT_OBJC_MSGSEND = YES;
				GCC_C_LANGUAGE_STANDARD = gnu11;
				GCC_NO_COMMON_BLOCKS = YES;
				GCC_WARN_64_TO_32_BIT_CONVERSION = YES;
				GCC_WARN_ABOUT_RETURN_TYPE = YES_ERROR;
				GCC_WARN_UNDECLARED_SELECTOR = YES;
				GCC_WARN_UNINITIALIZED_AUTOS = YES_AGGRESSIVE;
				GCC_WARN_UNUSED_FUNCTION = YES;
				GCC_WARN_UNUSED_VARIABLE = YES;
				IPHONEOS_DEPLOYMENT_TARGET = 16.2;
				MTL_ENABLE_DEBUG_INFO = NO;
				MTL_FAST_MATH = YES;
				SDKROOT = iphoneos;
				SWIFT_COMPILATION_MODE = wholemodule;
				SWIFT_OPTIMIZATION_LEVEL = "-O";
				VALIDATE_PRODUCT = YES;
			};
			name = Release;
		};
		13237AB62962E23900279877 /* Debug */ = {
			isa = XCBuildConfiguration;
			buildSettings = {
				ASSETCATALOG_COMPILER_APPICON_NAME = AppIcon;
				ASSETCATALOG_COMPILER_GLOBAL_ACCENT_COLOR_NAME = AccentColor;
				CODE_SIGN_STYLE = Automatic;
				CURRENT_PROJECT_VERSION = 1;
				DEVELOPMENT_ASSET_PATHS = "\"LoginTest/Preview Content\"";
				ENABLE_PREVIEWS = YES;
				GENERATE_INFOPLIST_FILE = YES;
				INFOPLIST_FILE = LoginTest/Info.plist;
				INFOPLIST_KEY_UIApplicationSupportsIndirectInputEvents = YES;
				INFOPLIST_KEY_UILaunchScreen_Generation = YES;
				INFOPLIST_KEY_UISupportedInterfaceOrientations_iPad = "UIInterfaceOrientationPortrait UIInterfaceOrientationPortraitUpsideDown UIInterfaceOrientationLandscapeLeft UIInterfaceOrientationLandscapeRight";
				INFOPLIST_KEY_UISupportedInterfaceOrientations_iPhone = "UIInterfaceOrientationPortrait UIInterfaceOrientationLandscapeLeft UIInterfaceOrientationLandscapeRight";
				LD_RUNPATH_SEARCH_PATHS = (
					"$(inherited)",
					"@executable_path/Frameworks",
				);
				MARKETING_VERSION = 1.0;
				PRODUCT_BUNDLE_IDENTIFIER = yun.LoginTest;
				PRODUCT_NAME = "$(TARGET_NAME)";
				SWIFT_EMIT_LOC_STRINGS = YES;
				SWIFT_VERSION = 5.0;
				TARGETED_DEVICE_FAMILY = "1,2";
			};
			name = Debug;
		};
		13237AB72962E23900279877 /* Release */ = {
			isa = XCBuildConfiguration;
			buildSettings = {
				ASSETCATALOG_COMPILER_APPICON_NAME = AppIcon;
				ASSETCATALOG_COMPILER_GLOBAL_ACCENT_COLOR_NAME = AccentColor;
				CODE_SIGN_STYLE = Automatic;
				CURRENT_PROJECT_VERSION = 1;
				DEVELOPMENT_ASSET_PATHS = "\"LoginTest/Preview Content\"";
				ENABLE_PREVIEWS = YES;
				GENERATE_INFOPLIST_FILE = YES;
				INFOPLIST_FILE = LoginTest/Info.plist;
				INFOPLIST_KEY_UIApplicationSupportsIndirectInputEvents = YES;
				INFOPLIST_KEY_UILaunchScreen_Generation = YES;
				INFOPLIST_KEY_UISupportedInterfaceOrientations_iPad = "UIInterfaceOrientationPortrait UIInterfaceOrientationPortraitUpsideDown UIInterfaceOrientationLandscapeLeft UIInterfaceOrientationLandscapeRight";
				INFOPLIST_KEY_UISupportedInterfaceOrientations_iPhone = "UIInterfaceOrientationPortrait UIInterfaceOrientationLandscapeLeft UIInterfaceOrientationLandscapeRight";
				LD_RUNPATH_SEARCH_PATHS = (
					"$(inherited)",
					"@executable_path/Frameworks",
				);
				MARKETING_VERSION = 1.0;
				PRODUCT_BUNDLE_IDENTIFIER = yun.LoginTest;
				PRODUCT_NAME = "$(TARGET_NAME)";
				SWIFT_EMIT_LOC_STRINGS = YES;
				SWIFT_VERSION = 5.0;
				TARGETED_DEVICE_FAMILY = "1,2";
			};
			name = Release;
		};
/* End XCBuildConfiguration section */

/* Begin XCConfigurationList section */
		13237AA22962E23800279877 /* Build configuration list for PBXProject "LoginTest" */ = {
			isa = XCConfigurationList;
			buildConfigurations = (
				13237AB32962E23900279877 /* Debug */,
				13237AB42962E23900279877 /* Release */,
			);
			defaultConfigurationIsVisible = 0;
			defaultConfigurationName = Release;
		};
		13237AB52962E23900279877 /* Build configuration list for PBXNativeTarget "LoginTest" */ = {
			isa = XCConfigurationList;
			buildConfigurations = (
				13237AB62962E23900279877 /* Debug */,
				13237AB72962E23900279877 /* Release */,
			);
			defaultConfigurationIsVisible = 0;
			defaultConfigurationName = Release;
		};
/* End XCConfigurationList section */

/* Begin XCRemoteSwiftPackageReference section */
		13237AB82962E2AF00279877 /* XCRemoteSwiftPackageReference "SQLite" */ = {
			isa = XCRemoteSwiftPackageReference;
			repositoryURL = "https://github.com/stephencelis/SQLite.swift";
			requirement = {
				branch = master;
				kind = branch;
			};
		};
/* End XCRemoteSwiftPackageReference section */

/* Begin XCSwiftPackageProductDependency section */
		13237AB92962E2AF00279877 /* SQLite */ = {
			isa = XCSwiftPackageProductDependency;
			package = 13237AB82962E2AF00279877 /* XCRemoteSwiftPackageReference "SQLite" */;
			productName = SQLite;
		};
/* End XCSwiftPackageProductDependency section */
	};
	rootObject = 13237A9F2962E23800279877 /* Project object */;
}
